
Microsoft Visual Studio Solution File, Format Version 12.00
# Visual Studio 15
VisualStudioVersion = 15.0.28307.421
MinimumVisualStudioVersion = 10.0.40219.1
Project("{FAE04EC0-301F-11D3-BF4B-00C04F79EFBC}") = "BigIntConsoleTest", "BigIntConsoleTest\BigIntConsoleTest.csproj", "{7C61C08B-DE4E-4A56-BA0A-D3DA6AFCD162}"
EndProject
Global
	GlobalSection(SolutionConfigurationPlatforms) = preSolution
		Debug|Any CPU = Debug|Any CPU
		Release|Any CPU = Release|Any CPU
	EndGlobalSection
	GlobalSection(ProjectConfigurationPlatforms) = postSolution
		{7C61C08B-DE4E-4A56-BA0A-D3DA6AFCD162}.Debug|Any CPU.ActiveCfg = Debug|Any CPU
		{7C61C08B-DE4E-4A56-BA0A-D3DA6AFCD162}.Debug|Any CPU.Build.0 = Debug|Any CPU
		{7C61C08B-DE4E-4A56-BA0A-D3DA6AFCD162}.Release|Any CPU.ActiveCfg = Release|Any CPU
		{7C61C08B-DE4E-4A56-BA0A-D3DA6AFCD162}.Release|Any CPU.Build.0 = Release|Any CPU
	EndGlobalSection
	GlobalSection(SolutionProperties) = preSolution
		HideSolutionNode = FALSE
	EndGlobalSection
	GlobalSection(ExtensibilityGlobals) = postSolution
		SolutionGuid = {4EA440EF-A7B3-47AA-8B7A-404D3262ECDF}
	EndGlobalSection
EndGlobal
